
Microsoft Visual Studio Solution File, Format Version 12.00
# Visual Studio Version 17
VisualStudioVersion = 17.9.34607.119
MinimumVisualStudioVersion = 10.0.40219.1
Project("{FAE04EC0-301F-11D3-BF4B-00C04F79EFBC}") = "tpmodul08_1302220093", "tpmodul08_1302220093\tpmodul08_1302220093.csproj", "{557CBF8A-A55B-4FF1-AE52-A795CEA7EDFB}"
EndProject
Global
	GlobalSection(SolutionConfigurationPlatforms) = preSolution
		Debug|Any CPU = Debug|Any CPU
		Release|Any CPU = Release|Any CPU
	EndGlobalSection
	GlobalSection(ProjectConfigurationPlatforms) = postSolution
		{557CBF8A-A55B-4FF1-AE52-A795CEA7EDFB}.Debug|Any CPU.ActiveCfg = Debug|Any CPU
		{557CBF8A-A55B-4FF1-AE52-A795CEA7EDFB}.Debug|Any CPU.Build.0 = Debug|Any CPU
		{557CBF8A-A55B-4FF1-AE52-A795CEA7EDFB}.Release|Any CPU.ActiveCfg = Release|Any CPU
		{557CBF8A-A55B-4FF1-AE52-A795CEA7EDFB}.Release|Any CPU.Build.0 = Release|Any CPU
	EndGlobalSection
	GlobalSection(SolutionProperties) = preSolution
		HideSolutionNode = FALSE
	EndGlobalSection
	GlobalSection(ExtensibilityGlobals) = postSolution
		SolutionGuid = {6CF43769-6060-43CE-A269-3F4254B9D481}
	EndGlobalSection
EndGlobal
